{
  "name": "Drowsiness Detection",
  "lockfileVersion": 3,
  "requires": true,
  "packages": {
    "": {
      "dependencies": {
        "workbox-background-sync": "^7.4.0",
        "workbox-broadcast-update": "^7.4.0",
        "workbox-cacheable-response": "^7.4.0",
        "workbox-core": "^7.4.0",
        "workbox-expiration": "^7.4.0",
        "workbox-google-analytics": "^7.4.0",
        "workbox-navigation-preload": "^7.4.0",
        "workbox-precaching": "^7.4.0",
        "workbox-range-requests": "^7.4.0",
        "workbox-routing": "^7.4.0",
        "workbox-strategies": "^7.4.0",
        "workbox-streams": "^7.4.0"
      }
    },
    "node_modules/idb": {
      "version": "7.1.1",
      "resolved": "https://registry.npmjs.org/idb/-/idb-7.1.1.tgz",
      "integrity": "sha512-gchesWBzyvGHRO9W8tzUWFDycow5gwjvFKfyV9FF32Y7F50yZMp7mP+T2mJIWFx49zicqyC4uefHM17o6xKIVQ==",
      "license": "ISC"
    },
    "node_modules/workbox-background-sync": {
      "version": "7.4.0",
      "resolved": "https://registry.npmjs.org/workbox-background-sync/-/workbox-background-sync-7.4.0.tgz",
      "integrity": "sha512-8CB9OxKAgKZKyNMwfGZ1XESx89GryWTfI+V5yEj8sHjFH8MFelUwYXEyldEK6M6oKMmn807GoJFUEA1sC4XS9w==",
      "license": "MIT",
      "dependencies": {
        "idb": "^7.0.1",
        "workbox-core": "7.4.0"
      }
    },
    "node_modules/workbox-broadcast-update": {
      "version": "7.4.0",
      "resolved": "https://registry.npmjs.org/workbox-broadcast-update/-/workbox-broadcast-update-7.4.0.tgz",
      "integrity": "sha512-+eZQwoktlvo62cI0b+QBr40v5XjighxPq3Fzo9AWMiAosmpG5gxRHgTbGGhaJv/q/MFVxwFNGh/UwHZ/8K88lA==",
      "license": "MIT",
      "dependencies": {
        "workbox-core": "7.4.0"
      }
    },
    "node_modules/workbox-cacheable-response": {
      "version": "7.4.0",
      "resolved": "https://registry.npmjs.org/workbox-cacheable-response/-/workbox-cacheable-response-7.4.0.tgz",
      "integrity": "sha512-0Fb8795zg/x23ISFkAc7lbWes6vbw34DGFIMw31cwuHPgDEC/5EYm6m/ZkylLX0EnEbbOyOCLjKgFS/Z5g0HeQ==",
      "license": "MIT",
      "dependencies": {
        "workbox-core": "7.4.0"
      }
    },
    "node_modules/workbox-core": {
      "version": "7.4.0",
      "resolved": "https://registry.npmjs.org/workbox-core/-/workbox-core-7.4.0.tgz",
      "integrity": "sha512-6BMfd8tYEnN4baG4emG9U0hdXM4gGuDU3ectXuVHnj71vwxTFI7WOpQJC4siTOlVtGqCUtj0ZQNsrvi6kZZTAQ==",
      "license": "MIT"
    },
    "node_modules/workbox-expiration": {
      "version": "7.4.0",
      "resolved": "https://registry.npmjs.org/workbox-expiration/-/workbox-expiration-7.4.0.tgz",
      "integrity": "sha512-V50p4BxYhtA80eOvulu8xVfPBgZbkxJ1Jr8UUn0rvqjGhLDqKNtfrDfjJKnLz2U8fO2xGQJTx/SKXNTzHOjnHw==",
      "license": "MIT",
      "dependencies": {
        "idb": "^7.0.1",
        "workbox-core": "7.4.0"
      }
    },
    "node_modules/workbox-google-analytics": {
      "version": "7.4.0",
      "resolved": "https://registry.npmjs.org/workbox-google-analytics/-/workbox-google-analytics-7.4.0.tgz",
      "integrity": "sha512-MVPXQslRF6YHkzGoFw1A4GIB8GrKym/A5+jYDUSL+AeJw4ytQGrozYdiZqUW1TPQHW8isBCBtyFJergUXyNoWQ==",
      "license": "MIT",
      "dependencies": {
        "workbox-background-sync": "7.4.0",
        "workbox-core": "7.4.0",
        "workbox-routing": "7.4.0",
        "workbox-strategies": "7.4.0"
      }
    },
    "node_modules/workbox-navigation-preload": {
      "version": "7.4.0",
      "resolved": "https://registry.npmjs.org/workbox-navigation-preload/-/workbox-navigation-preload-7.4.0.tgz",
      "integrity": "sha512-etzftSgdQfjMcfPgbfaZCfM2QuR1P+4o8uCA2s4rf3chtKTq/Om7g/qvEOcZkG6v7JZOSOxVYQiOu6PbAZgU6w==",
      "license": "MIT",
      "dependencies": {
        "workbox-core": "7.4.0"
      }
    },
    "node_modules/workbox-precaching": {
      "version": "7.4.0",
      "resolved": "https://registry.npmjs.org/workbox-precaching/-/workbox-precaching-7.4.0.tgz",
      "integrity": "sha512-VQs37T6jDqf1rTxUJZXRl3yjZMf5JX/vDPhmx2CPgDDKXATzEoqyRqhYnRoxl6Kr0rqaQlp32i9rtG5zTzIlNg==",
      "license": "MIT",
      "dependencies": {
        "workbox-core": "7.4.0",
        "workbox-routing": "7.4.0",
        "workbox-strategies": "7.4.0"
      }
    },
    "node_modules/workbox-range-requests": {
      "version": "7.4.0",
      "resolved": "https://registry.npmjs.org/workbox-range-requests/-/workbox-range-requests-7.4.0.tgz",
      "integrity": "sha512-3Vq854ZNuP6Y0KZOQWLaLC9FfM7ZaE+iuQl4VhADXybwzr4z/sMmnLgTeUZLq5PaDlcJBxYXQ3U91V7dwAIfvw==",
      "license": "MIT",
      "dependencies": {
        "workbox-core": "7.4.0"
      }
    },
    "node_modules/workbox-routing": {
      "version": "7.4.0",
      "resolved": "https://registry.npmjs.org/workbox-routing/-/workbox-routing-7.4.0.tgz",
      "integrity": "sha512-C/ooj5uBWYAhAqwmU8HYQJdOjjDKBp9MzTQ+otpMmd+q0eF59K+NuXUek34wbL0RFrIXe/KKT+tUWcZcBqxbHQ==",
      "license": "MIT",
      "dependencies": {
        "workbox-core": "7.4.0"
      }
    },
    "node_modules/workbox-strategies": {
      "version": "7.4.0",
      "resolved": "https://registry.npmjs.org/workbox-strategies/-/workbox-strategies-7.4.0.tgz",
      "integrity": "sha512-T4hVqIi5A4mHi92+5EppMX3cLaVywDp8nsyUgJhOZxcfSV/eQofcOA6/EMo5rnTNmNTpw0rUgjAI6LaVullPpg==",
      "license": "MIT",
      "dependencies": {
        "workbox-core": "7.4.0"
      }
    },
    "node_modules/workbox-streams": {
      "version": "7.4.0",
      "resolved": "https://registry.npmjs.org/workbox-streams/-/workbox-streams-7.4.0.tgz",
      "integrity": "sha512-QHPBQrey7hQbnTs5GrEVoWz7RhHJXnPT+12qqWM378orDMo5VMJLCkCM1cnCk+8Eq92lccx/VgRZ7WAzZWbSLg==",
      "license": "MIT",
      "dependencies": {
        "workbox-core": "7.4.0",
        "workbox-routing": "7.4.0"
      }
    }
  }
}
